// !$*UTF8*$!
{
	archiveVersion = 1;
	classes = {
	};
	objectVersion = 50;
	objects = {

/* Begin PBXBuildFile section */
		881FFBBB20C148D4000AFBB5 /* AppDelegate.swift in Sources */ = {isa = PBXBuildFile; fileRef = 881FFBBA20C148D4000AFBB5 /* AppDelegate.swift */; };
		881FFBBD20C148D4000AFBB5 /* art.scnassets in Resources */ = {isa = PBXBuildFile; fileRef = 881FFBBC20C148D4000AFBB5 /* art.scnassets */; };
		881FFBBF20C148D4000AFBB5 /* ViewController.swift in Sources */ = {isa = PBXBuildFile; fileRef = 881FFBBE20C148D4000AFBB5 /* ViewController.swift */; };
		881FFBC220C148D4000AFBB5 /* Main.storyboard in Resources */ = {isa = PBXBuildFile; fileRef = 881FFBC020C148D4000AFBB5 /* Main.storyboard */; };
		881FFBC420C148D5000AFBB5 /* Assets.xcassets in Resources */ = {isa = PBXBuildFile; fileRef = 881FFBC320C148D5000AFBB5 /* Assets.xcassets */; };
		881FFBC720C148D5000AFBB5 /* LaunchScreen.storyboard in Resources */ = {isa = PBXBuildFile; fileRef = 881FFBC520C148D5000AFBB5 /* LaunchScreen.storyboard */; };
		889581A720C17770005184A5 /* NodeUtils.swift in Sources */ = {isa = PBXBuildFile; fileRef = 889581A620C1776F005184A5 /* NodeUtils.swift */; };
/* End PBXBuildFile section */

/* Begin PBXFileReference section */
		881FFBB720C148D4000AFBB5 /* AREasyStart.app */ = {isa = PBXFileReference; explicitFileType = wrapper.application; includeInIndex = 0; path = AREasyStart.app; sourceTree = BUILT_PRODUCTS_DIR; };
		881FFBBA20C148D4000AFBB5 /* AppDelegate.swift */ = {isa = PBXFileReference; lastKnownFileType = sourcecode.swift; path = AppDelegate.swift; sourceTree = "<group>"; };
		881FFBBC20C148D4000AFBB5 /* art.scnassets */ = {isa = PBXFileReference; lastKnownFileType = wrapper.scnassets; path = art.scnassets; sourceTree = "<group>"; };
		881FFBBE20C148D4000AFBB5 /* ViewController.swift */ = {isa = PBXFileReference; lastKnownFileType = sourcecode.swift; path = ViewController.swift; sourceTree = "<group>"; };
		881FFBC120C148D4000AFBB5 /* Base */ = {isa = PBXFileReference; lastKnownFileType = file.storyboard; name = Base; path = Base.lproj/Main.storyboard; sourceTree = "<group>"; };
		881FFBC320C148D5000AFBB5 /* Assets.xcassets */ = {isa = PBXFileReference; lastKnownFileType = folder.assetcatalog; path = Assets.xcassets; sourceTree = "<group>"; };
		881FFBC620C148D5000AFBB5 /* Base */ = {isa = PBXFileReference; lastKnownFileType = file.storyboard; name = Base; path = Base.lproj/LaunchScreen.storyboard; sourceTree = "<group>"; };
		881FFBC820C148D5000AFBB5 /* Info.plist */ = {isa = PBXFileReference; lastKnownFileType = text.plist.xml; path = Info.plist; sourceTree = "<group>"; };
		889581A620C1776F005184A5 /* NodeUtils.swift */ = {isa = PBXFileReference; fileEncoding = 4; lastKnownFileType = sourcecode.swift; path = NodeUtils.swift; sourceTree = "<group>"; };
/* End PBXFileReference section */

/* Begin PBXFrameworksBuildPhase section */
		881FFBB420C148D4000AFBB5 /* Frameworks */ = {
			isa = PBXFrameworksBuildPhase;
			buildActionMask = 2147483647;
			files = (
			);
			runOnlyForDeploymentPostprocessing = 0;
		};
/* End PBXFrameworksBuildPhase section */

/* Begin PBXGroup section */
		881FFBAE20C148D4000AFBB5 = {
			isa = PBXGroup;
			children = (
				881FFBB920C148D4000AFBB5 /* AREasyStart */,
				881FFBB820C148D4000AFBB5 /* Products */,
			);
			sourceTree = "<group>";
		};
		881FFBB820C148D4000AFBB5 /* Products */ = {
			isa = PBXGroup;
			children = (
				881FFBB720C148D4000AFBB5 /* AREasyStart.app */,
			);
			name = Products;
			sourceTree = "<group>";
		};
		881FFBB920C148D4000AFBB5 /* AREasyStart */ = {
			isa = PBXGroup;
			children = (
				881FFBBA20C148D4000AFBB5 /* AppDelegate.swift */,
				889581A620C1776F005184A5 /* NodeUtils.swift */,
				881FFBBC20C148D4000AFBB5 /* art.scnassets */,
				881FFBBE20C148D4000AFBB5 /* ViewController.swift */,
				881FFBC020C148D4000AFBB5 /* Main.storyboard */,
				881FFBC320C148D5000AFBB5 /* Assets.xcassets */,
				881FFBC520C148D5000AFBB5 /* LaunchScreen.storyboard */,
				881FFBC820C148D5000AFBB5 /* Info.plist */,
			);
			path = AREasyStart;
			sourceTree = "<group>";
		};
/* End PBXGroup section */

/* Begin PBXNativeTarget section */
		881FFBB620C148D4000AFBB5 /* AREasyStart */ = {
			isa = PBXNativeTarget;
			buildConfigurationList = 881FFBCB20C148D5000AFBB5 /* Build configuration list for PBXNativeTarget "AREasyStart" */;
			buildPhases = (
				881FFBB320C148D4000AFBB5 /* Sources */,
				881FFBB420C148D4000AFBB5 /* Frameworks */,
				881FFBB520C148D4000AFBB5 /* Resources */,
			);
			buildRules = (
			);
			dependencies = (
			);
			name = AREasyStart;
			productName = AREasyStart;
			productReference = 881FFBB720C148D4000AFBB5 /* AREasyStart.app */;
			productType = "com.apple.product-type.application";
		};
/* End PBXNativeTarget section */

/* Begin PBXProject section */
		881FFBAF20C148D4000AFBB5 /* Project object */ = {
			isa = PBXProject;
			attributes = {
				LastSwiftUpdateCheck = 0940;
				LastUpgradeCheck = 0940;
				ORGANIZATIONNAME = "Manuela Rink";
				TargetAttributes = {
					881FFBB620C148D4000AFBB5 = {
						CreatedOnToolsVersion = 9.4;
					};
				};
			};
			buildConfigurationList = 881FFBB220C148D4000AFBB5 /* Build configuration list for PBXProject "AREasyStart" */;
			compatibilityVersion = "Xcode 9.3";
			developmentRegion = en;
			hasScannedForEncodings = 0;
			knownRegions = (
				en,
				Base,
			);
			mainGroup = 881FFBAE20C148D4000AFBB5;
			productRefGroup = 881FFBB820C148D4000AFBB5 /* Products */;
			projectDirPath = "";
			projectRoot = "";
			targets = (
				881FFBB620C148D4000AFBB5 /* AREasyStart */,
			);
		};
/* End PBXProject section */

/* Begin PBXResourcesBuildPhase section */
		881FFBB520C148D4000AFBB5 /* Resources */ = {
			isa = PBXResourcesBuildPhase;
			buildActionMask = 2147483647;
			files = (
				881FFBBD20C148D4000AFBB5 /* art.scnassets in Resources */,
				881FFBC720C148D5000AFBB5 /* LaunchScreen.storyboard in Resources */,
				881FFBC420C148D5000AFBB5 /* Assets.xcassets in Resources */,
				881FFBC220C148D4000AFBB5 /* Main.storyboard in Resources */,
			);
			runOnlyForDeploymentPostprocessing = 0;
		};
/* End PBXResourcesBuildPhase section */

/* Begin PBXSourcesBuildPhase section */
		881FFBB320C148D4000AFBB5 /* Sources */ = {
			isa = PBXSourcesBuildPhase;
			buildActionMask = 2147483647;
			files = (
				881FFBBF20C148D4000AFBB5 /* ViewController.swift in Sources */,
				889581A720C17770005184A5 /* NodeUtils.swift in Sources */,
				881FFBBB20C148D4000AFBB5 /* AppDelegate.swift in Sources */,
			);
			runOnlyForDeploymentPostprocessing = 0;
		};
/* End PBXSourcesBuildPhase section */

/* Begin PBXVariantGroup section */
		881FFBC020C148D4000AFBB5 /* Main.storyboard */ = {
			isa = PBXVariantGroup;
			children = (
				881FFBC120C148D4000AFBB5 /* Base */,
			);
			name = Main.storyboard;
			sourceTree = "<group>";
		};
		881FFBC520C148D5000AFBB5 /* LaunchScreen.storyboard */ = {
			isa = PBXVariantGroup;
			children = (
				881FFBC620C148D5000AFBB5 /* Base */,
			);
			name = LaunchScreen.storyboard;
			sourceTree = "<group>";
		};
/* End PBXVariantGroup section */

/* Begin XCBuildConfiguration section */
		881FFBC920C148D5000AFBB5 /* Debug */ = {
			isa = XCBuildConfiguration;
			buildSettings = {
				ALWAYS_SEARCH_USER_PATHS = NO;
				CLANG_ANALYZER_NONNULL = YES;
				CLANG_ANALYZER_NUMBER_OBJECT_CONVERSION = YES_AGGRESSIVE;
				CLANG_CXX_LANGUAGE_STANDARD = "gnu++14";
				CLANG_CXX_LIBRARY = "libc++";
				CLANG_ENABLE_MODULES = YES;
				CLANG_ENABLE_OBJC_ARC = YES;
				CLANG_ENABLE_OBJC_WEAK = YES;
				CLANG_WARN_BLOCK_CAPTURE_AUTORELEASING = YES;
				CLANG_WARN_BOOL_CONVERSION = YES;
				CLANG_WARN_COMMA = YES;
				CLANG_WARN_CONSTANT_CONVERSION = YES;
				CLANG_WARN_DEPRECATED_OBJC_IMPLEMENTATIONS = YES;
				CLANG_WARN_DIRECT_OBJC_ISA_USAGE = YES_ERROR;
				CLANG_WARN_DOCUMENTATION_COMMENTS = YES;
				CLANG_WARN_EMPTY_BODY = YES;
				CLANG_WARN_ENUM_CONVERSION = YES;
				CLANG_WARN_INFINITE_RECURSION = YES;
				CLANG_WARN_INT_CONVERSION = YES;
				CLANG_WARN_NON_LITERAL_NULL_CONVERSION = YES;
				CLANG_WARN_OBJC_IMPLICIT_RETAIN_SELF = YES;
				CLANG_WARN_OBJC_LITERAL_CONVERSION = YES;
				CLANG_WARN_OBJC_ROOT_CLASS = YES_ERROR;
				CLANG_WARN_RANGE_LOOP_ANALYSIS = YES;
				CLANG_WARN_STRICT_PROTOTYPES = YES;
				CLANG_WARN_SUSPICIOUS_MOVE = YES;
				CLANG_WARN_UNGUARDED_AVAILABILITY = YES_AGGRESSIVE;
				CLANG_WARN_UNREACHABLE_CODE = YES;
				CLANG_WARN__DUPLICATE_METHOD_MATCH = YES;
				CODE_SIGN_IDENTITY = "iPhone Developer";
				COPY_PHASE_STRIP = NO;
				DEBUG_INFORMATION_FORMAT = dwarf;
				ENABLE_STRICT_OBJC_MSGSEND = YES;
				ENABLE_TESTABILITY = YES;
				GCC_C_LANGUAGE_STANDARD = gnu11;
				GCC_DYNAMIC_NO_PIC = NO;
				GCC_NO_COMMON_BLOCKS = YES;
				GCC_OPTIMIZATION_LEVEL = 0;
				GCC_PREPROCESSOR_DEFINITIONS = (
					"DEBUG=1",
					"$(inherited)",
				);
				GCC_WARN_64_TO_32_BIT_CONVERSION = YES;
				GCC_WARN_ABOUT_RETURN_TYPE = YES_ERROR;
				GCC_WARN_UNDECLARED_SELECTOR = YES;
				GCC_WARN_UNINITIALIZED_AUTOS = YES_AGGRESSIVE;
				GCC_WARN_UNUSED_FUNCTION = YES;
				GCC_WARN_UNUSED_VARIABLE = YES;
				IPHONEOS_DEPLOYMENT_TARGET = 11.4;
				MTL_ENABLE_DEBUG_INFO = YES;
				ONLY_ACTIVE_ARCH = YES;
				SDKROOT = iphoneos;
				SWIFT_ACTIVE_COMPILATION_CONDITIONS = DEBUG;
				SWIFT_OPTIMIZATION_LEVEL = "-Onone";
			};
			name = Debug;
		};
		881FFBCA20C148D5000AFBB5 /* Release */ = {
			isa = XCBuildConfiguration;
			buildSettings = {
				ALWAYS_SEARCH_USER_PATHS = NO;
				CLANG_ANALYZER_NONNULL = YES;
				CLANG_ANALYZER_NUMBER_OBJECT_CONVERSION = YES_AGGRESSIVE;
				CLANG_CXX_LANGUAGE_STANDARD = "gnu++14";
				CLANG_CXX_LIBRARY = "libc++";
				CLANG_ENABLE_MODULES = YES;
				CLANG_ENABLE_OBJC_ARC = YES;
				CLANG_ENABLE_OBJC_WEAK = YES;
				CLANG_WARN_BLOCK_CAPTURE_AUTORELEASING = YES;
				CLANG_WARN_BOOL_CONVERSION = YES;
				CLANG_WARN_COMMA = YES;
				CLANG_WARN_CONSTANT_CONVERSION = YES;
				CLANG_WARN_DEPRECATED_OBJC_IMPLEMENTATIONS = YES;
				CLANG_WARN_DIRECT_OBJC_ISA_USAGE = YES_ERROR;
				CLANG_WARN_DOCUMENTATION_COMMENTS = YES;
				CLANG_WARN_EMPTY_BODY = YES;
				CLANG_WARN_ENUM_CONVERSION = YES;
				CLANG_WARN_INFINITE_RECURSION = YES;
				CLANG_WARN_INT_CONVERSION = YES;
				CLANG_WARN_NON_LITERAL_NULL_CONVERSION = YES;
				CLANG_WARN_OBJC_IMPLICIT_RETAIN_SELF = YES;
				CLANG_WARN_OBJC_LITERAL_CONVERSION = YES;
				CLANG_WARN_OBJC_ROOT_CLASS = YES_ERROR;
				CLANG_WARN_RANGE_LOOP_ANALYSIS = YES;
				CLANG_WARN_STRICT_PROTOTYPES = YES;
				CLANG_WARN_SUSPICIOUS_MOVE = YES;
				CLANG_WARN_UNGUARDED_AVAILABILITY = YES_AGGRESSIVE;
				CLANG_WARN_UNREACHABLE_CODE = YES;
				CLANG_WARN__DUPLICATE_METHOD_MATCH = YES;
				CODE_SIGN_IDENTITY = "iPhone Developer";
				COPY_PHASE_STRIP = NO;
				DEBUG_INFORMATION_FORMAT = "dwarf-with-dsym";
				ENABLE_NS_ASSERTIONS = NO;
				ENABLE_STRICT_OBJC_MSGSEND = YES;
				GCC_C_LANGUAGE_STANDARD = gnu11;
				GCC_NO_COMMON_BLOCKS = YES;
				GCC_WARN_64_TO_32_BIT_CONVERSION = YES;
				GCC_WARN_ABOUT_RETURN_TYPE = YES_ERROR;
				GCC_WARN_UNDECLARED_SELECTOR = YES;
				GCC_WARN_UNINITIALIZED_AUTOS = YES_AGGRESSIVE;
				GCC_WARN_UNUSED_FUNCTION = YES;
				GCC_WARN_UNUSED_VARIABLE = YES;
				IPHONEOS_DEPLOYMENT_TARGET = 11.4;
				MTL_ENABLE_DEBUG_INFO = NO;
				SDKROOT = iphoneos;
				SWIFT_COMPILATION_MODE = wholemodule;
				SWIFT_OPTIMIZATION_LEVEL = "-O";
				VALIDATE_PRODUCT = YES;
			};
			name = Release;
		};
		881FFBCC20C148D5000AFBB5 /* Debug */ = {
			isa = XCBuildConfiguration;
			buildSettings = {
				ASSETCATALOG_COMPILER_APPICON_NAME = AppIcon;
				CODE_SIGN_STYLE = Automatic;
				DEVELOPMENT_TEAM = 8W62GL8FE7;
				INFOPLIST_FILE = AREasyStart/Info.plist;
				IPHONEOS_DEPLOYMENT_TARGET = 11.0;
				LD_RUNPATH_SEARCH_PATHS = (
					"$(inherited)",
					"@executable_path/Frameworks",
				);
				PRODUCT_BUNDLE_IDENTIFIER = com.ms.edustart.AREasyStart;
				PRODUCT_NAME = "$(TARGET_NAME)";
				SWIFT_VERSION = 4.0;
				TARGETED_DEVICE_FAMILY = "1,2";
			};
			name = Debug;
		};
		881FFBCD20C148D5000AFBB5 /* Release */ = {
			isa = XCBuildConfiguration;
			buildSettings = {
				ASSETCATALOG_COMPILER_APPICON_NAME = AppIcon;
				CODE_SIGN_STYLE = Automatic;
				DEVELOPMENT_TEAM = 8W62GL8FE7;
				INFOPLIST_FILE = AREasyStart/Info.plist;
				IPHONEOS_DEPLOYMENT_TARGET = 11.0;
				LD_RUNPATH_SEARCH_PATHS = (
					"$(inherited)",
					"@executable_path/Frameworks",
				);
				PRODUCT_BUNDLE_IDENTIFIER = com.ms.edustart.AREasyStart;
				PRODUCT_NAME = "$(TARGET_NAME)";
				SWIFT_VERSION = 4.0;
				TARGETED_DEVICE_FAMILY = "1,2";
			};
			name = Release;
		};
/* End XCBuildConfiguration section */

/* Begin XCConfigurationList section */
		881FFBB220C148D4000AFBB5 /* Build configuration list for PBXProject "AREasyStart" */ = {
			isa = XCConfigurationList;
			buildConfigurations = (
				881FFBC920C148D5000AFBB5 /* Debug */,
				881FFBCA20C148D5000AFBB5 /* Release */,
			);
			defaultConfigurationIsVisible = 0;
			defaultConfigurationName = Release;
		};
		881FFBCB20C148D5000AFBB5 /* Build configuration list for PBXNativeTarget "AREasyStart" */ = {
			isa = XCConfigurationList;
			buildConfigurations = (
				881FFBCC20C148D5000AFBB5 /* Debug */,
				881FFBCD20C148D5000AFBB5 /* Release */,
			);
			defaultConfigurationIsVisible = 0;
			defaultConfigurationName = Release;
		};
/* End XCConfigurationList section */
	};
	rootObject = 881FFBAF20C148D4000AFBB5 /* Project object */;
}
